# THIS IS AN AUTOGENERATED FILE. DO NOT EDIT THIS FILE DIRECTLY.
# yarn lockfile v1


debrief@^1.5.0:
  version "1.5.0"
  resolved "https://registry.yarnpkg.com/debrief/-/debrief-1.5.0.tgz#9ee31c4caba651ce87c3a286c455df24f9803f49"
  integrity sha512-3QaFxhEGguXBmBWbnqYOcgdfC7BUu2VQfnT25fs4g9VBHxug+echFCBeVoRw4Nk85GyBkwlKmAS6VzTZEAVnAw==

decoders@1.25.4:
  version "1.25.4"
  resolved "https://registry.yarnpkg.com/decoders/-/decoders-1.25.4.tgz#b82deebb1566a34d136eca79486cb33fb8905da3"
  integrity sha512-BzpPbgXkao38yzmFdZ4HkdxrZAEehMjNACYi5e4dPyXWuaON1LDOodIlUi9Ttjcf61XUKTM771O6rT9n9V00SA==
  dependencies:
    debrief "^1.5.0"
    lemons "^1.4.0"

lemons@^1.4.0:
  version "1.6.0"
  resolved "https://registry.yarnpkg.com/lemons/-/lemons-1.6.0.tgz#49c187e08f9675a1ef3e0f077b4192805531d1bf"
  integrity sha512-nMnKQjqWp2G3odsHtwZD//WStAYnqCA6bM3JXLTLsQ1Mwkj2iLuaNQTJ6axt7wGqrZHMSt6tKDlHdjjJt9Cgxg==

typescript@4.4.4:
  version "4.4.4"
  resolved "https://registry.yarnpkg.com/typescript/-/typescript-4.4.4.tgz#2cd01a1a1f160704d3101fd5a58ff0f9fcb8030c"
  integrity sha512-DqGhF5IKoBl8WNf8C1gu8q0xZSInh9j1kJJMqT3a94w1JzVaBU4EXOSMrz9yDqMT0xt3selp83fuFMQ0uzv6qA==
